
Microsoft Visual Studio Solution File, Format Version 12.00
# Visual Studio Version 17
VisualStudioVersion = 17.7.34031.279
MinimumVisualStudioVersion = 10.0.40219.1
Project("{FAE04EC0-301F-11D3-BF4B-00C04F79EFBC}") = "CustomersApp", "CustomersApp\CustomersApp.csproj", "{1106567E-1F70-41EE-B461-1CED355482B5}"
EndProject
Global
	GlobalSection(SolutionConfigurationPlatforms) = preSolution
		Debug|Any CPU = Debug|Any CPU
		Release|Any CPU = Release|Any CPU
	EndGlobalSection
	GlobalSection(ProjectConfigurationPlatforms) = postSolution
		{1106567E-1F70-41EE-B461-1CED355482B5}.Debug|Any CPU.ActiveCfg = Debug|Any CPU
		{1106567E-1F70-41EE-B461-1CED355482B5}.Debug|Any CPU.Build.0 = Debug|Any CPU
		{1106567E-1F70-41EE-B461-1CED355482B5}.Release|Any CPU.ActiveCfg = Release|Any CPU
		{1106567E-1F70-41EE-B461-1CED355482B5}.Release|Any CPU.Build.0 = Release|Any CPU
	EndGlobalSection
	GlobalSection(SolutionProperties) = preSolution
		HideSolutionNode = FALSE
	EndGlobalSection
	GlobalSection(ExtensibilityGlobals) = postSolution
		SolutionGuid = {DE1654CE-B742-48C6-97DF-3858B687FD0D}
	EndGlobalSection
EndGlobal
